
Microsoft Visual Studio Solution File, Format Version 12.00
# Visual Studio Version 16
VisualStudioVersion = 16.0.29306.81
MinimumVisualStudioVersion = 10.0.40219.1
Project("{FAE04EC0-301F-11D3-BF4B-00C04F79EFBC}") = "Project", "Project.csproj", "{B812B23C-FF36-4811-BCBD-69337BBC0F2C}"
EndProject
Global
	GlobalSection(SolutionConfigurationPlatforms) = preSolution
		Debug|Any CPU = Debug|Any CPU
		Release|Any CPU = Release|Any CPU
	EndGlobalSection
	GlobalSection(ProjectConfigurationPlatforms) = postSolution
		{B812B23C-FF36-4811-BCBD-69337BBC0F2C}.Debug|Any CPU.ActiveCfg = Debug|Any CPU
		{B812B23C-FF36-4811-BCBD-69337BBC0F2C}.Debug|Any CPU.Build.0 = Debug|Any CPU
		{B812B23C-FF36-4811-BCBD-69337BBC0F2C}.Release|Any CPU.ActiveCfg = Release|Any CPU
		{B812B23C-FF36-4811-BCBD-69337BBC0F2C}.Release|Any CPU.Build.0 = Release|Any CPU
	EndGlobalSection
	GlobalSection(SolutionProperties) = preSolution
		HideSolutionNode = FALSE
	EndGlobalSection
	GlobalSection(ExtensibilityGlobals) = postSolution
		SolutionGuid = {A7214C64-9B6B-4C3F-81AE-87C66B38B769}
	EndGlobalSection
EndGlobal
